// !$*UTF8*$!
{
	archiveVersion = 1;
	classes = {
	};
	objectVersion = 46;
	objects = {

/* Begin PBXBuildFile section */
		39368FB31B81C15B00313F0B /* main.m in Sources */ = {isa = PBXBuildFile; fileRef = 39368FB21B81C15B00313F0B /* main.m */; };
		39368FB61B81C15B00313F0B /* AppDelegate.m in Sources */ = {isa = PBXBuildFile; fileRef = 39368FB51B81C15B00313F0B /* AppDelegate.m */; };
		39368FB91B81C15B00313F0B /* MusicPlayer.xcdatamodeld in Sources */ = {isa = PBXBuildFile; fileRef = 39368FB71B81C15B00313F0B /* MusicPlayer.xcdatamodeld */; };
		39368FBC1B81C15B00313F0B /* ViewController.m in Sources */ = {isa = PBXBuildFile; fileRef = 39368FBB1B81C15B00313F0B /* ViewController.m */; };
		39368FBF1B81C15B00313F0B /* Main.storyboard in Resources */ = {isa = PBXBuildFile; fileRef = 39368FBD1B81C15B00313F0B /* Main.storyboard */; };
		39368FC11B81C15B00313F0B /* Images.xcassets in Resources */ = {isa = PBXBuildFile; fileRef = 39368FC01B81C15B00313F0B /* Images.xcassets */; };
		39368FC41B81C15B00313F0B /* LaunchScreen.xib in Resources */ = {isa = PBXBuildFile; fileRef = 39368FC21B81C15B00313F0B /* LaunchScreen.xib */; };
		39368FD01B81C15B00313F0B /* MusicPlayerTests.m in Sources */ = {isa = PBXBuildFile; fileRef = 39368FCF1B81C15B00313F0B /* MusicPlayerTests.m */; };
/* End PBXBuildFile section */

/* Begin PBXContainerItemProxy section */
		39368FCA1B81C15B00313F0B /* PBXContainerItemProxy */ = {
			isa = PBXContainerItemProxy;
			containerPortal = 39368FA51B81C15B00313F0B /* Project object */;
			proxyType = 1;
			remoteGlobalIDString = 39368FAC1B81C15B00313F0B;
			remoteInfo = MusicPlayer;
		};
/* End PBXContainerItemProxy section */

/* Begin PBXFileReference section */
		39368FAD1B81C15B00313F0B /* MusicPlayer.app */ = {isa = PBXFileReference; explicitFileType = wrapper.application; includeInIndex = 0; path = MusicPlayer.app; sourceTree = BUILT_PRODUCTS_DIR; };
		39368FB11B81C15B00313F0B /* Info.plist */ = {isa = PBXFileReference; lastKnownFileType = text.plist.xml; path = Info.plist; sourceTree = "<group>"; };
		39368FB21B81C15B00313F0B /* main.m */ = {isa = PBXFileReference; lastKnownFileType = sourcecode.c.objc; path = main.m; sourceTree = "<group>"; };
		39368FB41B81C15B00313F0B /* AppDelegate.h */ = {isa = PBXFileReference; lastKnownFileType = sourcecode.c.h; path = AppDelegate.h; sourceTree = "<group>"; };
		39368FB51B81C15B00313F0B /* AppDelegate.m */ = {isa = PBXFileReference; lastKnownFileType = sourcecode.c.objc; path = AppDelegate.m; sourceTree = "<group>"; };
		39368FB81B81C15B00313F0B /* MusicPlayer.xcdatamodel */ = {isa = PBXFileReference; lastKnownFileType = wrapper.xcdatamodel; path = MusicPlayer.xcdatamodel; sourceTree = "<group>"; };
		39368FBA1B81C15B00313F0B /* ViewController.h */ = {isa = PBXFileReference; lastKnownFileType = sourcecode.c.h; path = ViewController.h; sourceTree = "<group>"; };
		39368FBB1B81C15B00313F0B /* ViewController.m */ = {isa = PBXFileReference; lastKnownFileType = sourcecode.c.objc; path = ViewController.m; sourceTree = "<group>"; };
		39368FBE1B81C15B00313F0B /* Base */ = {isa = PBXFileReference; lastKnownFileType = file.storyboard; name = Base; path = Base.lproj/Main.storyboard; sourceTree = "<group>"; };
		39368FC01B81C15B00313F0B /* Images.xcassets */ = {isa = PBXFileReference; lastKnownFileType = folder.assetcatalog; path = Images.xcassets; sourceTree = "<group>"; };
		39368FC31B81C15B00313F0B /* Base */ = {isa = PBXFileReference; lastKnownFileType = file.xib; name = Base; path = Base.lproj/LaunchScreen.xib; sourceTree = "<group>"; };
		39368FC91B81C15B00313F0B /* MusicPlayerTests.xctest */ = {isa = PBXFileReference; explicitFileType = wrapper.cfbundle; includeInIndex = 0; path = MusicPlayerTests.xctest; sourceTree = BUILT_PRODUCTS_DIR; };
		39368FCE1B81C15B00313F0B /* Info.plist */ = {isa = PBXFileReference; lastKnownFileType = text.plist.xml; path = Info.plist; sourceTree = "<group>"; };
		39368FCF1B81C15B00313F0B /* MusicPlayerTests.m */ = {isa = PBXFileReference; lastKnownFileType = sourcecode.c.objc; path = MusicPlayerTests.m; sourceTree = "<group>"; };
/* End PBXFileReference section */

/* Begin PBXFrameworksBuildPhase section */
		39368FAA1B81C15B00313F0B /* Frameworks */ = {
			isa = PBXFrameworksBuildPhase;
			buildActionMask = 2147483647;
			files = (
			);
			runOnlyForDeploymentPostprocessing = 0;
		};
		39368FC61B81C15B00313F0B /* Frameworks */ = {
			isa = PBXFrameworksBuildPhase;
			buildActionMask = 2147483647;
			files = (
			);
			runOnlyForDeploymentPostprocessing = 0;
		};
/* End PBXFrameworksBuildPhase section */

/* Begin PBXGroup section */
		39368FA41B81C15B00313F0B = {
			isa = PBXGroup;
			children = (
				39368FAF1B81C15B00313F0B /* MusicPlayer */,
				39368FCC1B81C15B00313F0B /* MusicPlayerTests */,
				39368FAE1B81C15B00313F0B /* Products */,
			);
			sourceTree = "<group>";
		};
		39368FAE1B81C15B00313F0B /* Products */ = {
			isa = PBXGroup;
			children = (
				39368FAD1B81C15B00313F0B /* MusicPlayer.app */,
				39368FC91B81C15B00313F0B /* MusicPlayerTests.xctest */,
			);
			name = Products;
			sourceTree = "<group>";
		};
		39368FAF1B81C15B00313F0B /* MusicPlayer */ = {
			isa = PBXGroup;
			children = (
				39368FB41B81C15B00313F0B /* AppDelegate.h */,
				39368FB51B81C15B00313F0B /* AppDelegate.m */,
				39368FBA1B81C15B00313F0B /* ViewController.h */,
				39368FBB1B81C15B00313F0B /* ViewController.m */,
				39368FBD1B81C15B00313F0B /* Main.storyboard */,
				39368FC01B81C15B00313F0B /* Images.xcassets */,
				39368FC21B81C15B00313F0B /* LaunchScreen.xib */,
				39368FB71B81C15B00313F0B /* MusicPlayer.xcdatamodeld */,
				39368FB01B81C15B00313F0B /* Supporting Files */,
			);
			path = MusicPlayer;
			sourceTree = "<group>";
		};
		39368FB01B81C15B00313F0B /* Supporting Files */ = {
			isa = PBXGroup;
			children = (
				39368FB11B81C15B00313F0B /* Info.plist */,
				39368FB21B81C15B00313F0B /* main.m */,
			);
			name = "Supporting Files";
			sourceTree = "<group>";
		};
		39368FCC1B81C15B00313F0B /* MusicPlayerTests */ = {
			isa = PBXGroup;
			children = (
				39368FCF1B81C15B00313F0B /* MusicPlayerTests.m */,
				39368FCD1B81C15B00313F0B /* Supporting Files */,
			);
			path = MusicPlayerTests;
			sourceTree = "<group>";
		};
		39368FCD1B81C15B00313F0B /* Supporting Files */ = {
			isa = PBXGroup;
			children = (
				39368FCE1B81C15B00313F0B /* Info.plist */,
			);
			name = "Supporting Files";
			sourceTree = "<group>";
		};
/* End PBXGroup section */

/* Begin PBXNativeTarget section */
		39368FAC1B81C15B00313F0B /* MusicPlayer */ = {
			isa = PBXNativeTarget;
			buildConfigurationList = 39368FD31B81C15B00313F0B /* Build configuration list for PBXNativeTarget "MusicPlayer" */;
			buildPhases = (
				39368FA91B81C15B00313F0B /* Sources */,
				39368FAA1B81C15B00313F0B /* Frameworks */,
				39368FAB1B81C15B00313F0B /* Resources */,
			);
			buildRules = (
			);
			dependencies = (
			);
			name = MusicPlayer;
			productName = MusicPlayer;
			productReference = 39368FAD1B81C15B00313F0B /* MusicPlayer.app */;
			productType = "com.apple.product-type.application";
		};
		39368FC81B81C15B00313F0B /* MusicPlayerTests */ = {
			isa = PBXNativeTarget;
			buildConfigurationList = 39368FD61B81C15B00313F0B /* Build configuration list for PBXNativeTarget "MusicPlayerTests" */;
			buildPhases = (
				39368FC51B81C15B00313F0B /* Sources */,
				39368FC61B81C15B00313F0B /* Frameworks */,
				39368FC71B81C15B00313F0B /* Resources */,
			);
			buildRules = (
			);
			dependencies = (
				39368FCB1B81C15B00313F0B /* PBXTargetDependency */,
			);
			name = MusicPlayerTests;
			productName = MusicPlayerTests;
			productReference = 39368FC91B81C15B00313F0B /* MusicPlayerTests.xctest */;
			productType = "com.apple.product-type.bundle.unit-test";
		};
/* End PBXNativeTarget section */

/* Begin PBXProject section */
		39368FA51B81C15B00313F0B /* Project object */ = {
			isa = PBXProject;
			attributes = {
				LastUpgradeCheck = 0640;
				ORGANIZATIONNAME = Adusa;
				TargetAttributes = {
					39368FAC1B81C15B00313F0B = {
						CreatedOnToolsVersion = 6.4;
					};
					39368FC81B81C15B00313F0B = {
						CreatedOnToolsVersion = 6.4;
						TestTargetID = 39368FAC1B81C15B00313F0B;
					};
				};
			};
			buildConfigurationList = 39368FA81B81C15B00313F0B /* Build configuration list for PBXProject "MusicPlayer" */;
			compatibilityVersion = "Xcode 3.2";
			developmentRegion = English;
			hasScannedForEncodings = 0;
			knownRegions = (
				en,
				Base,
			);
			mainGroup = 39368FA41B81C15B00313F0B;
			productRefGroup = 39368FAE1B81C15B00313F0B /* Products */;
			projectDirPath = "";
			projectRoot = "";
			targets = (
				39368FAC1B81C15B00313F0B /* MusicPlayer */,
				39368FC81B81C15B00313F0B /* MusicPlayerTests */,
			);
		};
/* End PBXProject section */

/* Begin PBXResourcesBuildPhase section */
		39368FAB1B81C15B00313F0B /* Resources */ = {
			isa = PBXResourcesBuildPhase;
			buildActionMask = 2147483647;
			files = (
				39368FBF1B81C15B00313F0B /* Main.storyboard in Resources */,
				39368FC41B81C15B00313F0B /* LaunchScreen.xib in Resources */,
				39368FC11B81C15B00313F0B /* Images.xcassets in Resources */,
			);
			runOnlyForDeploymentPostprocessing = 0;
		};
		39368FC71B81C15B00313F0B /* Resources */ = {
			isa = PBXResourcesBuildPhase;
			buildActionMask = 2147483647;
			files = (
			);
			runOnlyForDeploymentPostprocessing = 0;
		};
/* End PBXResourcesBuildPhase section */

/* Begin PBXSourcesBuildPhase section */
		39368FA91B81C15B00313F0B /* Sources */ = {
			isa = PBXSourcesBuildPhase;
			buildActionMask = 2147483647;
			files = (
				39368FB61B81C15B00313F0B /* AppDelegate.m in Sources */,
				39368FB91B81C15B00313F0B /* MusicPlayer.xcdatamodeld in Sources */,
				39368FBC1B81C15B00313F0B /* ViewController.m in Sources */,
				39368FB31B81C15B00313F0B /* main.m in Sources */,
			);
			runOnlyForDeploymentPostprocessing = 0;
		};
		39368FC51B81C15B00313F0B /* Sources */ = {
			isa = PBXSourcesBuildPhase;
			buildActionMask = 2147483647;
			files = (
				39368FD01B81C15B00313F0B /* MusicPlayerTests.m in Sources */,
			);
			runOnlyForDeploymentPostprocessing = 0;
		};
/* End PBXSourcesBuildPhase section */

/* Begin PBXTargetDependency section */
		39368FCB1B81C15B00313F0B /* PBXTargetDependency */ = {
			isa = PBXTargetDependency;
			target = 39368FAC1B81C15B00313F0B /* MusicPlayer */;
			targetProxy = 39368FCA1B81C15B00313F0B /* PBXContainerItemProxy */;
		};
/* End PBXTargetDependency section */

/* Begin PBXVariantGroup section */
		39368FBD1B81C15B00313F0B /* Main.storyboard */ = {
			isa = PBXVariantGroup;
			children = (
				39368FBE1B81C15B00313F0B /* Base */,
			);
			name = Main.storyboard;
			sourceTree = "<group>";
		};
		39368FC21B81C15B00313F0B /* LaunchScreen.xib */ = {
			isa = PBXVariantGroup;
			children = (
				39368FC31B81C15B00313F0B /* Base */,
			);
			name = LaunchScreen.xib;
			sourceTree = "<group>";
		};
/* End PBXVariantGroup section */

/* Begin XCBuildConfiguration section */
		39368FD11B81C15B00313F0B /* Debug */ = {
			isa = XCBuildConfiguration;
			buildSettings = {
				ALWAYS_SEARCH_USER_PATHS = NO;
				CLANG_CXX_LANGUAGE_STANDARD = "gnu++0x";
				CLANG_CXX_LIBRARY = "libc++";
				CLANG_ENABLE_MODULES = YES;
				CLANG_ENABLE_OBJC_ARC = YES;
				CLANG_WARN_BOOL_CONVERSION = YES;
				CLANG_WARN_CONSTANT_CONVERSION = YES;
				CLANG_WARN_DIRECT_OBJC_ISA_USAGE = YES_ERROR;
				CLANG_WARN_EMPTY_BODY = YES;
				CLANG_WARN_ENUM_CONVERSION = YES;
				CLANG_WARN_INT_CONVERSION = YES;
				CLANG_WARN_OBJC_ROOT_CLASS = YES_ERROR;
				CLANG_WARN_UNREACHABLE_CODE = YES;
				CLANG_WARN__DUPLICATE_METHOD_MATCH = YES;
				"CODE_SIGN_IDENTITY[sdk=iphoneos*]" = "iPhone Developer";
				COPY_PHASE_STRIP = NO;
				DEBUG_INFORMATION_FORMAT = "dwarf-with-dsym";
				ENABLE_STRICT_OBJC_MSGSEND = YES;
				GCC_C_LANGUAGE_STANDARD = gnu99;
				GCC_DYNAMIC_NO_PIC = NO;
				GCC_NO_COMMON_BLOCKS = YES;
				GCC_OPTIMIZATION_LEVEL = 0;
				GCC_PREPROCESSOR_DEFINITIONS = (
					"DEBUG=1",
					"$(inherited)",
				);
				GCC_SYMBOLS_PRIVATE_EXTERN = NO;
				GCC_WARN_64_TO_32_BIT_CONVERSION = YES;
				GCC_WARN_ABOUT_RETURN_TYPE = YES_ERROR;
				GCC_WARN_UNDECLARED_SELECTOR = YES;
				GCC_WARN_UNINITIALIZED_AUTOS = YES_AGGRESSIVE;
				GCC_WARN_UNUSED_FUNCTION = YES;
				GCC_WARN_UNUSED_VARIABLE = YES;
				IPHONEOS_DEPLOYMENT_TARGET = 8.4;
				MTL_ENABLE_DEBUG_INFO = YES;
				ONLY_ACTIVE_ARCH = YES;
				SDKROOT = iphoneos;
				TARGETED_DEVICE_FAMILY = "1,2";
			};
			name = Debug;
		};
		39368FD21B81C15B00313F0B /* Release */ = {
			isa = XCBuildConfiguration;
			buildSettings = {
				ALWAYS_SEARCH_USER_PATHS = NO;
				CLANG_CXX_LANGUAGE_STANDARD = "gnu++0x";
				CLANG_CXX_LIBRARY = "libc++";
				CLANG_ENABLE_MODULES = YES;
				CLANG_ENABLE_OBJC_ARC = YES;
				CLANG_WARN_BOOL_CONVERSION = YES;
				CLANG_WARN_CONSTANT_CONVERSION = YES;
				CLANG_WARN_DIRECT_OBJC_ISA_USAGE = YES_ERROR;
				CLANG_WARN_EMPTY_BODY = YES;
				CLANG_WARN_ENUM_CONVERSION = YES;
				CLANG_WARN_INT_CONVERSION = YES;
				CLANG_WARN_OBJC_ROOT_CLASS = YES_ERROR;
				CLANG_WARN_UNREACHABLE_CODE = YES;
				CLANG_WARN__DUPLICATE_METHOD_MATCH = YES;
				"CODE_SIGN_IDENTITY[sdk=iphoneos*]" = "iPhone Developer";
				COPY_PHASE_STRIP = NO;
				DEBUG_INFORMATION_FORMAT = "dwarf-with-dsym";
				ENABLE_NS_ASSERTIONS = NO;
				ENABLE_STRICT_OBJC_MSGSEND = YES;
				GCC_C_LANGUAGE_STANDARD = gnu99;
				GCC_NO_COMMON_BLOCKS = YES;
				GCC_WARN_64_TO_32_BIT_CONVERSION = YES;
				GCC_WARN_ABOUT_RETURN_TYPE = YES_ERROR;
				GCC_WARN_UNDECLARED_SELECTOR = YES;
				GCC_WARN_UNINITIALIZED_AUTOS = YES_AGGRESSIVE;
				GCC_WARN_UNUSED_FUNCTION = YES;
				GCC_WARN_UNUSED_VARIABLE = YES;
				IPHONEOS_DEPLOYMENT_TARGET = 8.4;
				MTL_ENABLE_DEBUG_INFO = NO;
				SDKROOT = iphoneos;
				TARGETED_DEVICE_FAMILY = "1,2";
				VALIDATE_PRODUCT = YES;
			};
			name = Release;
		};
		39368FD41B81C15B00313F0B /* Debug */ = {
			isa = XCBuildConfiguration;
			buildSettings = {
				ASSETCATALOG_COMPILER_APPICON_NAME = AppIcon;
				INFOPLIST_FILE = MusicPlayer/Info.plist;
				LD_RUNPATH_SEARCH_PATHS = "$(inherited) @executable_path/Frameworks";
				PRODUCT_NAME = "$(TARGET_NAME)";
			};
			name = Debug;
		};
		39368FD51B81C15B00313F0B /* Release */ = {
			isa = XCBuildConfiguration;
			buildSettings = {
				ASSETCATALOG_COMPILER_APPICON_NAME = AppIcon;
				INFOPLIST_FILE = MusicPlayer/Info.plist;
				LD_RUNPATH_SEARCH_PATHS = "$(inherited) @executable_path/Frameworks";
				PRODUCT_NAME = "$(TARGET_NAME)";
			};
			name = Release;
		};
		39368FD71B81C15B00313F0B /* Debug */ = {
			isa = XCBuildConfiguration;
			buildSettings = {
				BUNDLE_LOADER = "$(TEST_HOST)";
				FRAMEWORK_SEARCH_PATHS = (
					"$(SDKROOT)/Developer/Library/Frameworks",
					"$(inherited)",
				);
				GCC_PREPROCESSOR_DEFINITIONS = (
					"DEBUG=1",
					"$(inherited)",
				);
				INFOPLIST_FILE = MusicPlayerTests/Info.plist;
				LD_RUNPATH_SEARCH_PATHS = "$(inherited) @executable_path/Frameworks @loader_path/Frameworks";
				PRODUCT_NAME = "$(TARGET_NAME)";
				TEST_HOST = "$(BUILT_PRODUCTS_DIR)/MusicPlayer.app/MusicPlayer";
			};
			name = Debug;
		};
		39368FD81B81C15B00313F0B /* Release */ = {
			isa = XCBuildConfiguration;
			buildSettings = {
				BUNDLE_LOADER = "$(TEST_HOST)";
				FRAMEWORK_SEARCH_PATHS = (
					"$(SDKROOT)/Developer/Library/Frameworks",
					"$(inherited)",
				);
				INFOPLIST_FILE = MusicPlayerTests/Info.plist;
				LD_RUNPATH_SEARCH_PATHS = "$(inherited) @executable_path/Frameworks @loader_path/Frameworks";
				PRODUCT_NAME = "$(TARGET_NAME)";
				TEST_HOST = "$(BUILT_PRODUCTS_DIR)/MusicPlayer.app/MusicPlayer";
			};
			name = Release;
		};
/* End XCBuildConfiguration section */

/* Begin XCConfigurationList section */
		39368FA81B81C15B00313F0B /* Build configuration list for PBXProject "MusicPlayer" */ = {
			isa = XCConfigurationList;
			buildConfigurations = (
				39368FD11B81C15B00313F0B /* Debug */,
				39368FD21B81C15B00313F0B /* Release */,
			);
			defaultConfigurationIsVisible = 0;
			defaultConfigurationName = Release;
		};
		39368FD31B81C15B00313F0B /* Build configuration list for PBXNativeTarget "MusicPlayer" */ = {
			isa = XCConfigurationList;
			buildConfigurations = (
				39368FD41B81C15B00313F0B /* Debug */,
				39368FD51B81C15B00313F0B /* Release */,
			);
			defaultConfigurationIsVisible = 0;
		};
		39368FD61B81C15B00313F0B /* Build configuration list for PBXNativeTarget "MusicPlayerTests" */ = {
			isa = XCConfigurationList;
			buildConfigurations = (
				39368FD71B81C15B00313F0B /* Debug */,
				39368FD81B81C15B00313F0B /* Release */,
			);
			defaultConfigurationIsVisible = 0;
		};
/* End XCConfigurationList section */

/* Begin XCVersionGroup section */
		39368FB71B81C15B00313F0B /* MusicPlayer.xcdatamodeld */ = {
			isa = XCVersionGroup;
			children = (
				39368FB81B81C15B00313F0B /* MusicPlayer.xcdatamodel */,
			);
			currentVersion = 39368FB81B81C15B00313F0B /* MusicPlayer.xcdatamodel */;
			path = MusicPlayer.xcdatamodeld;
			sourceTree = "<group>";
			versionGroupType = wrapper.xcdatamodel;
		};
/* End XCVersionGroup section */
	};
	rootObject = 39368FA51B81C15B00313F0B /* Project object */;
}
